
Microsoft Visual Studio Solution File, Format Version 12.00
# Visual Studio Version 16
VisualStudioVersion = 16.0.29102.190
MinimumVisualStudioVersion = 10.0.40219.1
Project("{FAE04EC0-301F-11D3-BF4B-00C04F79EFBC}") = "CoreTest", "CoreTest\CoreTest.csproj", "{D95157C2-E029-476E-AA6F-E8878D487C2F}"
EndProject
Project("{9A19103F-16F7-4668-BE54-9A1E7A4F7556}") = "GoC.WebTemplate.Components", "GoC.WebTemplate.Components\GoC.WebTemplate.Components.csproj", "{A2F753B1-CE70-4455-8F5D-79866FBFC567}"
EndProject
Project("{9A19103F-16F7-4668-BE54-9A1E7A4F7556}") = "GoC.WebTemplate.CoreMVC", "GoC.WebTemplate.CoreMVC\GoC.WebTemplate.CoreMVC.csproj", "{0A83E850-F9EF-4045-9861-FD5DEB6D48D2}"
EndProject
Project("{FAE04EC0-301F-11D3-BF4B-00C04F79EFBC}") = "GoC.WebTemplate.MVC", "GoC.WebTemplate.MVC\GoC.WebTemplate.MVC.csproj", "{EC1904AE-61D0-4C51-B431-8682EC4C6C42}"
	ProjectSection(ProjectDependencies) = postProject
		{234C77BE-844A-49F0-A6AE-7F7A5C82AA5D} = {234C77BE-844A-49F0-A6AE-7F7A5C82AA5D}
	EndProjectSection
EndProject
Project("{FAE04EC0-301F-11D3-BF4B-00C04F79EFBC}") = "GoC.WebTemplate.WebForms", "GoC.WebTemplate.WebForms\GoC.WebTemplate.WebForms.csproj", "{26FD115A-4321-4AA5-B8A0-72C061AC0491}"
	ProjectSection(ProjectDependencies) = postProject
		{234C77BE-844A-49F0-A6AE-7F7A5C82AA5D} = {234C77BE-844A-49F0-A6AE-7F7A5C82AA5D}
	EndProjectSection
EndProject
Project("{9A19103F-16F7-4668-BE54-9A1E7A4F7556}") = "GoC.WebTemplate.Components.Core", "GoC.WebTemplate.Components.Core\GoC.WebTemplate.Components.Core.csproj", "{2C7963D7-2550-4B44-A6FE-378985896501}"
EndProject
Project("{FAE04EC0-301F-11D3-BF4B-00C04F79EFBC}") = "GoC.WebTemplate.Components.Framework", "GoC.WebTemplate.Components.Framework\GoC.WebTemplate.Components.Framework.csproj", "{234C77BE-844A-49F0-A6AE-7F7A5C82AA5D}"
EndProject
Project("{9A19103F-16F7-4668-BE54-9A1E7A4F7556}") = "GoC.WebTemplate.Components.Core.Tests", "GoC.WebTemplate.Components.Core.Tests\GoC.WebTemplate.Components.Core.Tests.csproj", "{D28D5034-50CC-491D-86F7-673CBBF1C3A9}"
EndProject
Project("{FAE04EC0-301F-11D3-BF4B-00C04F79EFBC}") = "GoC.WebTemplate.Components.Framework.Tests", "GoC.WebTemplate.Components.Framework.Tests\GoC.WebTemplate.Components.Framework.Tests.csproj", "{24E78526-57FC-4085-9FD0-0434E4498307}"
EndProject
Project("{2150E333-8FDC-42A3-9474-1A3956D46DE8}") = "Solution Items", "Solution Items", "{545A1769-5B74-49B8-AA62-18C3C126F0E1}"
	ProjectSection(SolutionItems) = preProject
		.gitignore = .gitignore
		.gitlab-ci.yml = .gitlab-ci.yml
		Builds\build.gitlab-ci.yml = Builds\build.gitlab-ci.yml
		CONTRIBUTING.md = CONTRIBUTING.md
		Builds\package.gitlab-ci.yml = Builds\package.gitlab-ci.yml
		Builds\package.ps1 = Builds\package.ps1
		Builds\prepare.gitlab-ci.yml = Builds\prepare.gitlab-ci.yml
		readme.md = readme.md
		Builds\test.gitlab-ci.yml = Builds\test.gitlab-ci.yml
		Builds\version.ps1 = Builds\version.ps1
		WebTemplate.ruleset = WebTemplate.ruleset
	EndProjectSection
EndProject
Project("{9A19103F-16F7-4668-BE54-9A1E7A4F7556}") = "GoC.WebTemplate.Components.Tests", "GoC.WebTemplate.Components.Tests\GoC.WebTemplate.Components.Tests.csproj", "{8D288002-8321-4C67-B0F2-E61A4D58D2DA}"
EndProject
Global
	GlobalSection(SolutionConfigurationPlatforms) = preSolution
		Debug|Any CPU = Debug|Any CPU
		Release|Any CPU = Release|Any CPU
	EndGlobalSection
	GlobalSection(ProjectConfigurationPlatforms) = postSolution
		{D95157C2-E029-476E-AA6F-E8878D487C2F}.Debug|Any CPU.ActiveCfg = Debug|Any CPU
		{D95157C2-E029-476E-AA6F-E8878D487C2F}.Debug|Any CPU.Build.0 = Debug|Any CPU
		{D95157C2-E029-476E-AA6F-E8878D487C2F}.Release|Any CPU.ActiveCfg = Release|Any CPU
		{D95157C2-E029-476E-AA6F-E8878D487C2F}.Release|Any CPU.Build.0 = Release|Any CPU
		{A2F753B1-CE70-4455-8F5D-79866FBFC567}.Debug|Any CPU.ActiveCfg = Debug|Any CPU
		{A2F753B1-CE70-4455-8F5D-79866FBFC567}.Debug|Any CPU.Build.0 = Debug|Any CPU
		{A2F753B1-CE70-4455-8F5D-79866FBFC567}.Release|Any CPU.ActiveCfg = Release|Any CPU
		{A2F753B1-CE70-4455-8F5D-79866FBFC567}.Release|Any CPU.Build.0 = Release|Any CPU
		{0A83E850-F9EF-4045-9861-FD5DEB6D48D2}.Debug|Any CPU.ActiveCfg = Debug|Any CPU
		{0A83E850-F9EF-4045-9861-FD5DEB6D48D2}.Debug|Any CPU.Build.0 = Debug|Any CPU
		{0A83E850-F9EF-4045-9861-FD5DEB6D48D2}.Release|Any CPU.ActiveCfg = Release|Any CPU
		{0A83E850-F9EF-4045-9861-FD5DEB6D48D2}.Release|Any CPU.Build.0 = Release|Any CPU
		{EC1904AE-61D0-4C51-B431-8682EC4C6C42}.Debug|Any CPU.ActiveCfg = Debug|Any CPU
		{EC1904AE-61D0-4C51-B431-8682EC4C6C42}.Debug|Any CPU.Build.0 = Debug|Any CPU
		{EC1904AE-61D0-4C51-B431-8682EC4C6C42}.Release|Any CPU.ActiveCfg = Release|Any CPU
		{EC1904AE-61D0-4C51-B431-8682EC4C6C42}.Release|Any CPU.Build.0 = Release|Any CPU
		{26FD115A-4321-4AA5-B8A0-72C061AC0491}.Debug|Any CPU.ActiveCfg = Debug|Any CPU
		{26FD115A-4321-4AA5-B8A0-72C061AC0491}.Debug|Any CPU.Build.0 = Debug|Any CPU
		{26FD115A-4321-4AA5-B8A0-72C061AC0491}.Release|Any CPU.ActiveCfg = Release|Any CPU
		{26FD115A-4321-4AA5-B8A0-72C061AC0491}.Release|Any CPU.Build.0 = Release|Any CPU
		{2C7963D7-2550-4B44-A6FE-378985896501}.Debug|Any CPU.ActiveCfg = Debug|Any CPU
		{2C7963D7-2550-4B44-A6FE-378985896501}.Debug|Any CPU.Build.0 = Debug|Any CPU
		{2C7963D7-2550-4B44-A6FE-378985896501}.Release|Any CPU.ActiveCfg = Release|Any CPU
		{2C7963D7-2550-4B44-A6FE-378985896501}.Release|Any CPU.Build.0 = Release|Any CPU
		{234C77BE-844A-49F0-A6AE-7F7A5C82AA5D}.Debug|Any CPU.ActiveCfg = Debug|Any CPU
		{234C77BE-844A-49F0-A6AE-7F7A5C82AA5D}.Debug|Any CPU.Build.0 = Debug|Any CPU
		{234C77BE-844A-49F0-A6AE-7F7A5C82AA5D}.Release|Any CPU.ActiveCfg = Release|Any CPU
		{234C77BE-844A-49F0-A6AE-7F7A5C82AA5D}.Release|Any CPU.Build.0 = Release|Any CPU
		{D28D5034-50CC-491D-86F7-673CBBF1C3A9}.Debug|Any CPU.ActiveCfg = Debug|Any CPU
		{D28D5034-50CC-491D-86F7-673CBBF1C3A9}.Debug|Any CPU.Build.0 = Debug|Any CPU
		{D28D5034-50CC-491D-86F7-673CBBF1C3A9}.Release|Any CPU.ActiveCfg = Release|Any CPU
		{D28D5034-50CC-491D-86F7-673CBBF1C3A9}.Release|Any CPU.Build.0 = Release|Any CPU
		{24E78526-57FC-4085-9FD0-0434E4498307}.Debug|Any CPU.ActiveCfg = Debug|Any CPU
		{24E78526-57FC-4085-9FD0-0434E4498307}.Debug|Any CPU.Build.0 = Debug|Any CPU
		{24E78526-57FC-4085-9FD0-0434E4498307}.Release|Any CPU.ActiveCfg = Release|Any CPU
		{24E78526-57FC-4085-9FD0-0434E4498307}.Release|Any CPU.Build.0 = Release|Any CPU
		{8D288002-8321-4C67-B0F2-E61A4D58D2DA}.Debug|Any CPU.ActiveCfg = Debug|Any CPU
		{8D288002-8321-4C67-B0F2-E61A4D58D2DA}.Debug|Any CPU.Build.0 = Debug|Any CPU
		{8D288002-8321-4C67-B0F2-E61A4D58D2DA}.Release|Any CPU.ActiveCfg = Release|Any CPU
		{8D288002-8321-4C67-B0F2-E61A4D58D2DA}.Release|Any CPU.Build.0 = Release|Any CPU
	EndGlobalSection
	GlobalSection(SolutionProperties) = preSolution
		HideSolutionNode = FALSE
	EndGlobalSection
	GlobalSection(ExtensibilityGlobals) = postSolution
		SolutionGuid = {2B7D4491-D851-4561-BB21-DF27490D6B66}
	EndGlobalSection
EndGlobal
