
Microsoft Visual Studio Solution File, Format Version 12.00
# Visual Studio 14
VisualStudioVersion = 14.0.25420.1
MinimumVisualStudioVersion = 10.0.40219.1
Project("{2150E333-8FDC-42A3-9474-1A3956D46DE8}") = "Applications", "Applications", "{0AF664E7-F710-418D-8040-B4634190472F}"
EndProject
Project("{2150E333-8FDC-42A3-9474-1A3956D46DE8}") = "Components", "Components", "{E5D96498-3C33-4E87-96D1-EF220E63BBE9}"
EndProject
Project("{FAE04EC0-301F-11D3-BF4B-00C04F79EFBC}") = "GoC.WebTemplate-WebForms", "Applications\GoC.WebTemplate\GoC.WebTemplate-WebForms.csproj", "{26FD115A-4321-4AA5-B8A0-72C061AC0491}"
EndProject
Project("{FAE04EC0-301F-11D3-BF4B-00C04F79EFBC}") = "GoC.WebTemplate-MVC", "Applications\GoC.WebTemplateMVC\GoC.WebTemplate-MVC.csproj", "{EC1904AE-61D0-4C51-B431-8682EC4C6C42}"
EndProject
Project("{FAE04EC0-301F-11D3-BF4B-00C04F79EFBC}") = "GoC.WebTemplate-Components", "Components\WebTemplateCore\GoC.WebTemplate-Components.csproj", "{A9ACE274-5F6A-4634-A40A-E775F5B81B90}"
EndProject
Project("{2150E333-8FDC-42A3-9474-1A3956D46DE8}") = "Tests", "Tests", "{CEB338B9-C37F-44A1-A4D9-D1A71D6F822C}"
EndProject
Project("{FAE04EC0-301F-11D3-BF4B-00C04F79EFBC}") = "CoreTest", "CoreTest\CoreTest.csproj", "{D95157C2-E029-476E-AA6F-E8878D487C2F}"
EndProject
Global
	GlobalSection(SolutionConfigurationPlatforms) = preSolution
		Debug|Any CPU = Debug|Any CPU
		Release|Any CPU = Release|Any CPU
	EndGlobalSection
	GlobalSection(ProjectConfigurationPlatforms) = postSolution
		{26FD115A-4321-4AA5-B8A0-72C061AC0491}.Debug|Any CPU.ActiveCfg = Debug|Any CPU
		{26FD115A-4321-4AA5-B8A0-72C061AC0491}.Debug|Any CPU.Build.0 = Debug|Any CPU
		{26FD115A-4321-4AA5-B8A0-72C061AC0491}.Release|Any CPU.ActiveCfg = Release|Any CPU
		{26FD115A-4321-4AA5-B8A0-72C061AC0491}.Release|Any CPU.Build.0 = Release|Any CPU
		{EC1904AE-61D0-4C51-B431-8682EC4C6C42}.Debug|Any CPU.ActiveCfg = Debug|Any CPU
		{EC1904AE-61D0-4C51-B431-8682EC4C6C42}.Debug|Any CPU.Build.0 = Debug|Any CPU
		{EC1904AE-61D0-4C51-B431-8682EC4C6C42}.Release|Any CPU.ActiveCfg = Release|Any CPU
		{EC1904AE-61D0-4C51-B431-8682EC4C6C42}.Release|Any CPU.Build.0 = Release|Any CPU
		{A9ACE274-5F6A-4634-A40A-E775F5B81B90}.Debug|Any CPU.ActiveCfg = Debug|Any CPU
		{A9ACE274-5F6A-4634-A40A-E775F5B81B90}.Debug|Any CPU.Build.0 = Debug|Any CPU
		{A9ACE274-5F6A-4634-A40A-E775F5B81B90}.Release|Any CPU.ActiveCfg = Release|Any CPU
		{A9ACE274-5F6A-4634-A40A-E775F5B81B90}.Release|Any CPU.Build.0 = Release|Any CPU
		{D95157C2-E029-476E-AA6F-E8878D487C2F}.Debug|Any CPU.ActiveCfg = Debug|Any CPU
		{D95157C2-E029-476E-AA6F-E8878D487C2F}.Debug|Any CPU.Build.0 = Debug|Any CPU
		{D95157C2-E029-476E-AA6F-E8878D487C2F}.Release|Any CPU.ActiveCfg = Release|Any CPU
		{D95157C2-E029-476E-AA6F-E8878D487C2F}.Release|Any CPU.Build.0 = Release|Any CPU
	EndGlobalSection
	GlobalSection(SolutionProperties) = preSolution
		HideSolutionNode = FALSE
	EndGlobalSection
	GlobalSection(NestedProjects) = preSolution
		{26FD115A-4321-4AA5-B8A0-72C061AC0491} = {0AF664E7-F710-418D-8040-B4634190472F}
		{EC1904AE-61D0-4C51-B431-8682EC4C6C42} = {0AF664E7-F710-418D-8040-B4634190472F}
		{A9ACE274-5F6A-4634-A40A-E775F5B81B90} = {E5D96498-3C33-4E87-96D1-EF220E63BBE9}
		{D95157C2-E029-476E-AA6F-E8878D487C2F} = {CEB338B9-C37F-44A1-A4D9-D1A71D6F822C}
	EndGlobalSection
EndGlobal
