
Microsoft Visual Studio Solution File, Format Version 12.00
# Visual Studio Version 16
VisualStudioVersion = 16.0.29418.71
MinimumVisualStudioVersion = 10.0.40219.1
Project("{9A19103F-16F7-4668-BE54-9A1E7A4F7556}") = "CoreMVC.Sample", "CoreMVC.Sample.csproj", "{357AA691-451B-4255-9F78-9BA0B42AE329}"
EndProject
Global
	GlobalSection(SolutionConfigurationPlatforms) = preSolution
		Debug|Any CPU = Debug|Any CPU
		Release|Any CPU = Release|Any CPU
	EndGlobalSection
	GlobalSection(ProjectConfigurationPlatforms) = postSolution
		{357AA691-451B-4255-9F78-9BA0B42AE329}.Debug|Any CPU.ActiveCfg = Debug|Any CPU
		{357AA691-451B-4255-9F78-9BA0B42AE329}.Debug|Any CPU.Build.0 = Debug|Any CPU
		{357AA691-451B-4255-9F78-9BA0B42AE329}.Release|Any CPU.ActiveCfg = Release|Any CPU
		{357AA691-451B-4255-9F78-9BA0B42AE329}.Release|Any CPU.Build.0 = Release|Any CPU
	EndGlobalSection
	GlobalSection(SolutionProperties) = preSolution
		HideSolutionNode = FALSE
	EndGlobalSection
	GlobalSection(ExtensibilityGlobals) = postSolution
		SolutionGuid = {A4624AEC-1FBD-4EEF-A05B-5C70E01F37DC}
	EndGlobalSection
EndGlobal
