
Microsoft Visual Studio Solution File, Format Version 12.00
# Visual Studio 15
VisualStudioVersion = 15.0.28307.136
MinimumVisualStudioVersion = 10.0.40219.1
Project("{FAE04EC0-301F-11D3-BF4B-00C04F79EFBC}") = "GoCCore.WebTemplate-MVC.Sample", "..\GoCCore.WebTemplate-MVC.Sample\GoCCore.WebTemplate-MVC.Sample.csproj", "{AC5AEB44-1D95-4FE5-AB50-A77A5A52D166}"
EndProject
Global
	GlobalSection(SolutionConfigurationPlatforms) = preSolution
		Debug|Any CPU = Debug|Any CPU
		Release|Any CPU = Release|Any CPU
	EndGlobalSection
	GlobalSection(ProjectConfigurationPlatforms) = postSolution
		{AC5AEB44-1D95-4FE5-AB50-A77A5A52D166}.Debug|Any CPU.ActiveCfg = Debug|Any CPU
		{AC5AEB44-1D95-4FE5-AB50-A77A5A52D166}.Debug|Any CPU.Build.0 = Debug|Any CPU
		{AC5AEB44-1D95-4FE5-AB50-A77A5A52D166}.Release|Any CPU.ActiveCfg = Release|Any CPU
		{AC5AEB44-1D95-4FE5-AB50-A77A5A52D166}.Release|Any CPU.Build.0 = Release|Any CPU
	EndGlobalSection
	GlobalSection(SolutionProperties) = preSolution
		HideSolutionNode = FALSE
	EndGlobalSection
	GlobalSection(ExtensibilityGlobals) = postSolution
		SolutionGuid = {BAC689F0-C054-4D51-8868-2242B0E81AB1}
	EndGlobalSection
EndGlobal
